
Microsoft Visual Studio Solution File, Format Version 12.00
# Visual Studio Version 16
VisualStudioVersion = 16.0.29230.47
MinimumVisualStudioVersion = 10.0.40219.1
Project("{FAE04EC0-301F-11D3-BF4B-00C04F79EFBC}") = "Assign1.1", "Assign1.1.csproj", "{B787A4AD-20D4-4C79-A9C1-5E3422558C9B}"
EndProject
Global
	GlobalSection(SolutionConfigurationPlatforms) = preSolution
		Debug|Any CPU = Debug|Any CPU
		Release|Any CPU = Release|Any CPU
	EndGlobalSection
	GlobalSection(ProjectConfigurationPlatforms) = postSolution
		{B787A4AD-20D4-4C79-A9C1-5E3422558C9B}.Debug|Any CPU.ActiveCfg = Debug|Any CPU
		{B787A4AD-20D4-4C79-A9C1-5E3422558C9B}.Debug|Any CPU.Build.0 = Debug|Any CPU
		{B787A4AD-20D4-4C79-A9C1-5E3422558C9B}.Release|Any CPU.ActiveCfg = Release|Any CPU
		{B787A4AD-20D4-4C79-A9C1-5E3422558C9B}.Release|Any CPU.Build.0 = Release|Any CPU
	EndGlobalSection
	GlobalSection(SolutionProperties) = preSolution
		HideSolutionNode = FALSE
	EndGlobalSection
	GlobalSection(ExtensibilityGlobals) = postSolution
		SolutionGuid = {0F8D39F4-FEBD-4BD2-84D6-DF142CC2C456}
	EndGlobalSection
EndGlobal
